{
  "name": "@opalspec/opalspec",
  "version": "3.3.2",
  "lockfileVersion": 3,
  "requires": true,
  "packages": {
    "": {
      "name": "@opalspec/opalspec",
      "version": "3.3.2",
      "license": "MIT",
      "bin": {
        "opalspec": "bin/opalspec.js"
      },
      "engines": {
        "node": ">=20.19.0"
      }
    }
  }
}
